
Microsoft Visual Studio Solution File, Format Version 12.00
# Visual Studio Version 17
VisualStudioVersion = 17.13.35825.156 d17.13
MinimumVisualStudioVersion = 10.0.40219.1
Project("{8BC9CEB8-8B4A-11D0-8D11-00A0C91BC942}") = "ex7", "ex7\ex7.vcxproj", "{6435D559-4011-4633-BBC7-A4E5BE3E9B90}"
EndProject
Project("{8BC9CEB8-8B4A-11D0-8D11-00A0C91BC942}") = "ex8", "ex8\ex8.vcxproj", "{03A32891-E5BA-4743-A18B-9A595FDC6692}"
EndProject
Global
	GlobalSection(SolutionConfigurationPlatforms) = preSolution
		Debug|x64 = Debug|x64
		Debug|x86 = Debug|x86
		Release|x64 = Release|x64
		Release|x86 = Release|x86
	EndGlobalSection
	GlobalSection(ProjectConfigurationPlatforms) = postSolution
		{6435D559-4011-4633-BBC7-A4E5BE3E9B90}.Debug|x64.ActiveCfg = Debug|x64
		{6435D559-4011-4633-BBC7-A4E5BE3E9B90}.Debug|x64.Build.0 = Debug|x64
		{6435D559-4011-4633-BBC7-A4E5BE3E9B90}.Debug|x86.ActiveCfg = Debug|Win32
		{6435D559-4011-4633-BBC7-A4E5BE3E9B90}.Debug|x86.Build.0 = Debug|Win32
		{6435D559-4011-4633-BBC7-A4E5BE3E9B90}.Release|x64.ActiveCfg = Release|x64
		{6435D559-4011-4633-BBC7-A4E5BE3E9B90}.Release|x64.Build.0 = Release|x64
		{6435D559-4011-4633-BBC7-A4E5BE3E9B90}.Release|x86.ActiveCfg = Release|Win32
		{6435D559-4011-4633-BBC7-A4E5BE3E9B90}.Release|x86.Build.0 = Release|Win32
		{03A32891-E5BA-4743-A18B-9A595FDC6692}.Debug|x64.ActiveCfg = Debug|x64
		{03A32891-E5BA-4743-A18B-9A595FDC6692}.Debug|x64.Build.0 = Debug|x64
		{03A32891-E5BA-4743-A18B-9A595FDC6692}.Debug|x86.ActiveCfg = Debug|Win32
		{03A32891-E5BA-4743-A18B-9A595FDC6692}.Debug|x86.Build.0 = Debug|Win32
		{03A32891-E5BA-4743-A18B-9A595FDC6692}.Release|x64.ActiveCfg = Release|x64
		{03A32891-E5BA-4743-A18B-9A595FDC6692}.Release|x64.Build.0 = Release|x64
		{03A32891-E5BA-4743-A18B-9A595FDC6692}.Release|x86.ActiveCfg = Release|Win32
		{03A32891-E5BA-4743-A18B-9A595FDC6692}.Release|x86.Build.0 = Release|Win32
	EndGlobalSection
	GlobalSection(SolutionProperties) = preSolution
		HideSolutionNode = FALSE
	EndGlobalSection
	GlobalSection(ExtensibilityGlobals) = postSolution
		SolutionGuid = {07623339-27D1-43CE-A98F-3AA12C6B4A81}
	EndGlobalSection
EndGlobal
